<?xml version="1.0" encoding="UTF-8"?>
<Scheme
   LastUpgradeVersion = "1620"
   version = "1.7">
   <BuildAction
      parallelizeBuildables = "YES"
      buildImplicitDependencies = "YES"
      buildArchitectures = "Automatic">
      <BuildActionEntries>
         <BuildActionEntry
            buildForTesting = "YES"
            buildForRunning = "YES"
            buildForProfiling = "YES"
            buildForArchiving = "YES"
            buildForAnalyzing = "YES">
            <BuildableReference
               BuildableIdentifier = "primary"
               BlueprintIdentifier = "F5870ACF2169F51C0019607B"
               BuildableName = "MVVM-Combine-Swift.app"
               BlueprintName = "MVVM-Combine-Swift"
               ReferencedContainer = "container:MVVM-Combine-Swift.xcodeproj">
            </BuildableReference>
         </BuildActionEntry>
      </BuildActionEntries>
   </BuildAction>
   <TestAction
      buildConfiguration = "Debug"
      selectedDebuggerIdentifier = "Xcode.DebuggerFoundation.Debugger.LLDB"
      selectedLauncherIdentifier = "Xcode.DebuggerFoundation.Launcher.LLDB"
      shouldUseLaunchSchemeArgsEnv = "YES"
      shouldAutocreateTestPlan = "YES">
      <Testables>
         <TestableReference
            skipped = "NO">
            <BuildableReference
               BuildableIdentifier = "primary"
               BlueprintIdentifier = "F5870AE32169F51D0019607B"
               BuildableName = "MVVM-Combine-SwiftTests.xctest"
               BlueprintName = "MVVM-Combine-SwiftTests"
               ReferencedContainer = "container:MVVM-Combine-Swift.xcodeproj">
            </BuildableReference>
         </TestableReference>
         <TestableReference
            skipped = "NO">
            <BuildableReference
               BuildableIdentifier = "primary"
               BlueprintIdentifier = "F5870AEE2169F51D0019607B"
               BuildableName = "MVVM-Combine-SwiftUITests.xctest"
               BlueprintName = "MVVM-Combine-SwiftUITests"
               ReferencedContainer = "container:MVVM-Combine-Swift.xcodeproj">
            </BuildableReference>
         </TestableReference>
      </Testables>
   </TestAction>
   <LaunchAction
      buildConfiguration = "Debug"
      selectedDebuggerIdentifier = "Xcode.DebuggerFoundation.Debugger.LLDB"
      selectedLauncherIdentifier = "Xcode.DebuggerFoundation.Launcher.LLDB"
      launchStyle = "0"
      useCustomWorkingDirectory = "NO"
      ignoresPersistentStateOnLaunch = "NO"
      debugDocumentVersioning = "YES"
      debugServiceExtension = "internal"
      allowLocationSimulation = "YES">
      <BuildableProductRunnable
         runnableDebuggingMode = "0">
         <BuildableReference
            BuildableIdentifier = "primary"
            BlueprintIdentifier = "F5870ACF2169F51C0019607B"
            BuildableName = "Google-Safe-Browsing-Swift.app"
            BlueprintName = "Google-Safe-Browsing-Swift"
            ReferencedContainer = "container:Google-Safe-Browsing-Swift.xcodeproj">
         </BuildableReference>
      </BuildableProductRunnable>
      <MacroExpansion>
         <BuildableReference
            BuildableIdentifier = "primary"
            BlueprintIdentifier = "F5870ACF2169F51C0019607B"
            BuildableName = "MVVM-Combine-Swift.app"
            BlueprintName = "MVVM-Combine-Swift"
            ReferencedContainer = "container:MVVM-Combine-Swift.xcodeproj">
         </BuildableReference>
      </MacroExpansion>
   </LaunchAction>
   <ProfileAction
      buildConfiguration = "Release"
      shouldUseLaunchSchemeArgsEnv = "YES"
      savedToolIdentifier = ""
      useCustomWorkingDirectory = "NO"
      debugDocumentVersioning = "YES">
      <BuildableProductRunnable
         runnableDebuggingMode = "0">
         <BuildableReference
            BuildableIdentifier = "primary"
            BlueprintIdentifier = "F5870ACF2169F51C0019607B"
            BuildableName = "MVVM-Combine-Swift.app"
            BlueprintName = "MVVM-Combine-Swift"
            ReferencedContainer = "container:MVVM-Combine-Swift.xcodeproj">
         </BuildableReference>
      </BuildableProductRunnable>
      <MacroExpansion>
         <BuildableReference
            BuildableIdentifier = "primary"
            BlueprintIdentifier = "F5870ACF2169F51C0019607B"
            BuildableName = "MVVM-Combine-Swift.app"
            BlueprintName = "MVVM-Combine-Swift"
            ReferencedContainer = "container:MVVM-Combine-Swift.xcodeproj">
         </BuildableReference>
      </MacroExpansion>
   </ProfileAction>
   <AnalyzeAction
      buildConfiguration = "Debug">
   </AnalyzeAction>
   <ArchiveAction
      buildConfiguration = "Release"
      revealArchiveInOrganizer = "YES">
   </ArchiveAction>
</Scheme>
